
Microsoft Visual Studio Solution File, Format Version 12.00
# Visual Studio Version 16
VisualStudioVersion = 16.0.31624.102
MinimumVisualStudioVersion = 10.0.40219.1
Project("{FAE04EC0-301F-11D3-BF4B-00C04F79EFBC}") = "PrimeNumber", "PrimeNumber\PrimeNumber.csproj", "{D5DEB38A-AFF2-4B5F-AEFA-06D0D615D0CC}"
EndProject
Global
	GlobalSection(SolutionConfigurationPlatforms) = preSolution
		Debug|Any CPU = Debug|Any CPU
		Release|Any CPU = Release|Any CPU
	EndGlobalSection
	GlobalSection(ProjectConfigurationPlatforms) = postSolution
		{D5DEB38A-AFF2-4B5F-AEFA-06D0D615D0CC}.Debug|Any CPU.ActiveCfg = Debug|Any CPU
		{D5DEB38A-AFF2-4B5F-AEFA-06D0D615D0CC}.Debug|Any CPU.Build.0 = Debug|Any CPU
		{D5DEB38A-AFF2-4B5F-AEFA-06D0D615D0CC}.Release|Any CPU.ActiveCfg = Release|Any CPU
		{D5DEB38A-AFF2-4B5F-AEFA-06D0D615D0CC}.Release|Any CPU.Build.0 = Release|Any CPU
	EndGlobalSection
	GlobalSection(SolutionProperties) = preSolution
		HideSolutionNode = FALSE
	EndGlobalSection
	GlobalSection(ExtensibilityGlobals) = postSolution
		SolutionGuid = {E63D5CD3-F815-487E-9BE8-136C7A6DA979}
	EndGlobalSection
EndGlobal
